
Microsoft Visual Studio Solution File, Format Version 12.00
# Visual Studio Version 16
VisualStudioVersion = 16.0.30011.22
MinimumVisualStudioVersion = 10.0.40219.1
Project("{888888A0-9F3D-457C-B088-3A5042F75D52}") = "CollegePhysics-MeasureElectrostaticField", "CollegePhysics-MeasureElectrostaticField.pyproj", "{A22AFD92-D629-4DE7-990B-FCFA09B8AD3B}"
EndProject
Global
	GlobalSection(SolutionConfigurationPlatforms) = preSolution
		Debug|Any CPU = Debug|Any CPU
		Release|Any CPU = Release|Any CPU
	EndGlobalSection
	GlobalSection(ProjectConfigurationPlatforms) = postSolution
		{A22AFD92-D629-4DE7-990B-FCFA09B8AD3B}.Debug|Any CPU.ActiveCfg = Debug|Any CPU
		{A22AFD92-D629-4DE7-990B-FCFA09B8AD3B}.Release|Any CPU.ActiveCfg = Release|Any CPU
	EndGlobalSection
	GlobalSection(SolutionProperties) = preSolution
		HideSolutionNode = FALSE
	EndGlobalSection
	GlobalSection(ExtensibilityGlobals) = postSolution
		SolutionGuid = {A58DB4CA-3AF9-4837-A86B-FC4AF3B3D759}
	EndGlobalSection
EndGlobal
